
Microsoft Visual Studio Solution File, Format Version 12.00
# Visual Studio Version 17
VisualStudioVersion = 17.8.34525.116
MinimumVisualStudioVersion = 10.0.40219.1
Project("{FAE04EC0-301F-11D3-BF4B-00C04F79EFBC}") = "Week2", "Week2\Week2.csproj", "{F6FA0AC7-FBBD-477A-B5D2-30737B3F0B46}"
EndProject
Project("{FAE04EC0-301F-11D3-BF4B-00C04F79EFBC}") = "UserGenderValidation", "UserAgeValidation\UserGenderValidation.csproj", "{8A48C83C-E65A-4355-BD2C-DD7CCC6D64B5}"
EndProject
Project("{FAE04EC0-301F-11D3-BF4B-00C04F79EFBC}") = "UserAgeValidation1", "UserAgeValidation1\UserAgeValidation1.csproj", "{2B0BF462-F4DE-476D-978E-CA3A53A90789}"
EndProject
Global
	GlobalSection(SolutionConfigurationPlatforms) = preSolution
		Debug|Any CPU = Debug|Any CPU
		Release|Any CPU = Release|Any CPU
	EndGlobalSection
	GlobalSection(ProjectConfigurationPlatforms) = postSolution
		{F6FA0AC7-FBBD-477A-B5D2-30737B3F0B46}.Debug|Any CPU.ActiveCfg = Debug|Any CPU
		{F6FA0AC7-FBBD-477A-B5D2-30737B3F0B46}.Debug|Any CPU.Build.0 = Debug|Any CPU
		{F6FA0AC7-FBBD-477A-B5D2-30737B3F0B46}.Release|Any CPU.ActiveCfg = Release|Any CPU
		{F6FA0AC7-FBBD-477A-B5D2-30737B3F0B46}.Release|Any CPU.Build.0 = Release|Any CPU
		{8A48C83C-E65A-4355-BD2C-DD7CCC6D64B5}.Debug|Any CPU.ActiveCfg = Debug|Any CPU
		{8A48C83C-E65A-4355-BD2C-DD7CCC6D64B5}.Debug|Any CPU.Build.0 = Debug|Any CPU
		{8A48C83C-E65A-4355-BD2C-DD7CCC6D64B5}.Release|Any CPU.ActiveCfg = Release|Any CPU
		{8A48C83C-E65A-4355-BD2C-DD7CCC6D64B5}.Release|Any CPU.Build.0 = Release|Any CPU
		{2B0BF462-F4DE-476D-978E-CA3A53A90789}.Debug|Any CPU.ActiveCfg = Debug|Any CPU
		{2B0BF462-F4DE-476D-978E-CA3A53A90789}.Debug|Any CPU.Build.0 = Debug|Any CPU
		{2B0BF462-F4DE-476D-978E-CA3A53A90789}.Release|Any CPU.ActiveCfg = Release|Any CPU
		{2B0BF462-F4DE-476D-978E-CA3A53A90789}.Release|Any CPU.Build.0 = Release|Any CPU
	EndGlobalSection
	GlobalSection(SolutionProperties) = preSolution
		HideSolutionNode = FALSE
	EndGlobalSection
	GlobalSection(ExtensibilityGlobals) = postSolution
		SolutionGuid = {B525E157-2D73-4ACC-A460-BF7F2FB9AC20}
	EndGlobalSection
EndGlobal
